
Microsoft Visual Studio Solution File, Format Version 12.00
# Visual Studio Version 16
VisualStudioVersion = 16.0.31613.86
MinimumVisualStudioVersion = 10.0.40219.1
Project("{FAE04EC0-301F-11D3-BF4B-00C04F79EFBC}") = "Act4", "Act4\Act4.csproj", "{832452F9-8447-4744-9BA5-504B064CF664}"
EndProject
Global
	GlobalSection(SolutionConfigurationPlatforms) = preSolution
		Debug|Any CPU = Debug|Any CPU
		Release|Any CPU = Release|Any CPU
	EndGlobalSection
	GlobalSection(ProjectConfigurationPlatforms) = postSolution
		{832452F9-8447-4744-9BA5-504B064CF664}.Debug|Any CPU.ActiveCfg = Debug|Any CPU
		{832452F9-8447-4744-9BA5-504B064CF664}.Debug|Any CPU.Build.0 = Debug|Any CPU
		{832452F9-8447-4744-9BA5-504B064CF664}.Release|Any CPU.ActiveCfg = Release|Any CPU
		{832452F9-8447-4744-9BA5-504B064CF664}.Release|Any CPU.Build.0 = Release|Any CPU
	EndGlobalSection
	GlobalSection(SolutionProperties) = preSolution
		HideSolutionNode = FALSE
	EndGlobalSection
	GlobalSection(ExtensibilityGlobals) = postSolution
		SolutionGuid = {B13A0815-23D0-4AD7-97D0-A483C503BDE9}
	EndGlobalSection
EndGlobal
